// !$*UTF8*$!
{
	archiveVersion = 1;
	classes = {
	};
	objectVersion = 50;
	objects = {

/* Begin PBXBuildFile section */
		DBB73FF3223F2B560029FD77 /* AppDelegate.swift in Sources */ = {isa = PBXBuildFile; fileRef = DBB73FF2223F2B560029FD77 /* AppDelegate.swift */; };
		DBB73FF5223F2B570029FD77 /* GameScene.sks in Resources */ = {isa = PBXBuildFile; fileRef = DBB73FF4223F2B570029FD77 /* GameScene.sks */; };
		DBB73FF9223F2B570029FD77 /* GameScene.swift in Sources */ = {isa = PBXBuildFile; fileRef = DBB73FF8223F2B570029FD77 /* GameScene.swift */; };
		DBB73FFB223F2B570029FD77 /* GameViewController.swift in Sources */ = {isa = PBXBuildFile; fileRef = DBB73FFA223F2B570029FD77 /* GameViewController.swift */; };
		DBB73FFE223F2B570029FD77 /* Main.storyboard in Resources */ = {isa = PBXBuildFile; fileRef = DBB73FFC223F2B570029FD77 /* Main.storyboard */; };
		DBB74000223F2B570029FD77 /* Assets.xcassets in Resources */ = {isa = PBXBuildFile; fileRef = DBB73FFF223F2B570029FD77 /* Assets.xcassets */; };
		DBB74003223F2B570029FD77 /* LaunchScreen.storyboard in Resources */ = {isa = PBXBuildFile; fileRef = DBB74001223F2B570029FD77 /* LaunchScreen.storyboard */; };
		DBB9A0B62241AA9C007F2A28 /* FireParticles.sks in Resources */ = {isa = PBXBuildFile; fileRef = DBB9A0B52241AA9B007F2A28 /* FireParticles.sks */; };
/* End PBXBuildFile section */

/* Begin PBXFileReference section */
		DBB73FEF223F2B560029FD77 /* P11Pachinko.app */ = {isa = PBXFileReference; explicitFileType = wrapper.application; includeInIndex = 0; path = P11Pachinko.app; sourceTree = BUILT_PRODUCTS_DIR; };
		DBB73FF2223F2B560029FD77 /* AppDelegate.swift */ = {isa = PBXFileReference; lastKnownFileType = sourcecode.swift; path = AppDelegate.swift; sourceTree = "<group>"; };
		DBB73FF4223F2B570029FD77 /* GameScene.sks */ = {isa = PBXFileReference; lastKnownFileType = file.sks; path = GameScene.sks; sourceTree = "<group>"; };
		DBB73FF8223F2B570029FD77 /* GameScene.swift */ = {isa = PBXFileReference; lastKnownFileType = sourcecode.swift; path = GameScene.swift; sourceTree = "<group>"; };
		DBB73FFA223F2B570029FD77 /* GameViewController.swift */ = {isa = PBXFileReference; lastKnownFileType = sourcecode.swift; path = GameViewController.swift; sourceTree = "<group>"; };
		DBB73FFD223F2B570029FD77 /* Base */ = {isa = PBXFileReference; lastKnownFileType = file.storyboard; name = Base; path = Base.lproj/Main.storyboard; sourceTree = "<group>"; };
		DBB73FFF223F2B570029FD77 /* Assets.xcassets */ = {isa = PBXFileReference; lastKnownFileType = folder.assetcatalog; path = Assets.xcassets; sourceTree = "<group>"; };
		DBB74002223F2B570029FD77 /* Base */ = {isa = PBXFileReference; lastKnownFileType = file.storyboard; name = Base; path = Base.lproj/LaunchScreen.storyboard; sourceTree = "<group>"; };
		DBB74004223F2B570029FD77 /* Info.plist */ = {isa = PBXFileReference; lastKnownFileType = text.plist.xml; path = Info.plist; sourceTree = "<group>"; };
		DBB9A0B52241AA9B007F2A28 /* FireParticles.sks */ = {isa = PBXFileReference; lastKnownFileType = file.sks; path = FireParticles.sks; sourceTree = "<group>"; };
/* End PBXFileReference section */

/* Begin PBXFrameworksBuildPhase section */
		DBB73FEC223F2B560029FD77 /* Frameworks */ = {
			isa = PBXFrameworksBuildPhase;
			buildActionMask = 2147483647;
			files = (
			);
			runOnlyForDeploymentPostprocessing = 0;
		};
/* End PBXFrameworksBuildPhase section */

/* Begin PBXGroup section */
		DBB73FE6223F2B560029FD77 = {
			isa = PBXGroup;
			children = (
				DBB73FF1223F2B560029FD77 /* P11Pachinko */,
				DBB73FF0223F2B560029FD77 /* Products */,
			);
			sourceTree = "<group>";
		};
		DBB73FF0223F2B560029FD77 /* Products */ = {
			isa = PBXGroup;
			children = (
				DBB73FEF223F2B560029FD77 /* P11Pachinko.app */,
			);
			name = Products;
			sourceTree = "<group>";
		};
		DBB73FF1223F2B560029FD77 /* P11Pachinko */ = {
			isa = PBXGroup;
			children = (
				DBB73FF2223F2B560029FD77 /* AppDelegate.swift */,
				DBB73FF4223F2B570029FD77 /* GameScene.sks */,
				DBB73FF8223F2B570029FD77 /* GameScene.swift */,
				DBB73FFA223F2B570029FD77 /* GameViewController.swift */,
				DBB73FFC223F2B570029FD77 /* Main.storyboard */,
				DBB73FFF223F2B570029FD77 /* Assets.xcassets */,
				DBB74001223F2B570029FD77 /* LaunchScreen.storyboard */,
				DBB74004223F2B570029FD77 /* Info.plist */,
				DBB9A0B52241AA9B007F2A28 /* FireParticles.sks */,
			);
			path = P11Pachinko;
			sourceTree = "<group>";
		};
/* End PBXGroup section */

/* Begin PBXNativeTarget section */
		DBB73FEE223F2B560029FD77 /* P11Pachinko */ = {
			isa = PBXNativeTarget;
			buildConfigurationList = DBB74007223F2B570029FD77 /* Build configuration list for PBXNativeTarget "P11Pachinko" */;
			buildPhases = (
				DBB73FEB223F2B560029FD77 /* Sources */,
				DBB73FEC223F2B560029FD77 /* Frameworks */,
				DBB73FED223F2B560029FD77 /* Resources */,
			);
			buildRules = (
			);
			dependencies = (
			);
			name = P11Pachinko;
			productName = P11Pachinko;
			productReference = DBB73FEF223F2B560029FD77 /* P11Pachinko.app */;
			productType = "com.apple.product-type.application";
		};
/* End PBXNativeTarget section */

/* Begin PBXProject section */
		DBB73FE7223F2B560029FD77 /* Project object */ = {
			isa = PBXProject;
			attributes = {
				LastSwiftUpdateCheck = 1010;
				LastUpgradeCheck = 1010;
				ORGANIZATIONNAME = "Chris Parker";
				TargetAttributes = {
					DBB73FEE223F2B560029FD77 = {
						CreatedOnToolsVersion = 10.1;
						LastSwiftMigration = 1020;
					};
				};
			};
			buildConfigurationList = DBB73FEA223F2B560029FD77 /* Build configuration list for PBXProject "P11Pachinko" */;
			compatibilityVersion = "Xcode 9.3";
			developmentRegion = en;
			hasScannedForEncodings = 0;
			knownRegions = (
				en,
				Base,
			);
			mainGroup = DBB73FE6223F2B560029FD77;
			productRefGroup = DBB73FF0223F2B560029FD77 /* Products */;
			projectDirPath = "";
			projectRoot = "";
			targets = (
				DBB73FEE223F2B560029FD77 /* P11Pachinko */,
			);
		};
/* End PBXProject section */

/* Begin PBXResourcesBuildPhase section */
		DBB73FED223F2B560029FD77 /* Resources */ = {
			isa = PBXResourcesBuildPhase;
			buildActionMask = 2147483647;
			files = (
				DBB73FFE223F2B570029FD77 /* Main.storyboard in Resources */,
				DBB73FF5223F2B570029FD77 /* GameScene.sks in Resources */,
				DBB9A0B62241AA9C007F2A28 /* FireParticles.sks in Resources */,
				DBB74000223F2B570029FD77 /* Assets.xcassets in Resources */,
				DBB74003223F2B570029FD77 /* LaunchScreen.storyboard in Resources */,
			);
			runOnlyForDeploymentPostprocessing = 0;
		};
/* End PBXResourcesBuildPhase section */

/* Begin PBXSourcesBuildPhase section */
		DBB73FEB223F2B560029FD77 /* Sources */ = {
			isa = PBXSourcesBuildPhase;
			buildActionMask = 2147483647;
			files = (
				DBB73FF9223F2B570029FD77 /* GameScene.swift in Sources */,
				DBB73FFB223F2B570029FD77 /* GameViewController.swift in Sources */,
				DBB73FF3223F2B560029FD77 /* AppDelegate.swift in Sources */,
			);
			runOnlyForDeploymentPostprocessing = 0;
		};
/* End PBXSourcesBuildPhase section */

/* Begin PBXVariantGroup section */
		DBB73FFC223F2B570029FD77 /* Main.storyboard */ = {
			isa = PBXVariantGroup;
			children = (
				DBB73FFD223F2B570029FD77 /* Base */,
			);
			name = Main.storyboard;
			sourceTree = "<group>";
		};
		DBB74001223F2B570029FD77 /* LaunchScreen.storyboard */ = {
			isa = PBXVariantGroup;
			children = (
				DBB74002223F2B570029FD77 /* Base */,
			);
			name = LaunchScreen.storyboard;
			sourceTree = "<group>";
		};
/* End PBXVariantGroup section */

/* Begin XCBuildConfiguration section */
		DBB74005223F2B570029FD77 /* Debug */ = {
			isa = XCBuildConfiguration;
			buildSettings = {
				ALWAYS_SEARCH_USER_PATHS = NO;
				CLANG_ANALYZER_NONNULL = YES;
				CLANG_ANALYZER_NUMBER_OBJECT_CONVERSION = YES_AGGRESSIVE;
				CLANG_CXX_LANGUAGE_STANDARD = "gnu++14";
				CLANG_CXX_LIBRARY = "libc++";
				CLANG_ENABLE_MODULES = YES;
				CLANG_ENABLE_OBJC_ARC = YES;
				CLANG_ENABLE_OBJC_WEAK = YES;
				CLANG_WARN_BLOCK_CAPTURE_AUTORELEASING = YES;
				CLANG_WARN_BOOL_CONVERSION = YES;
				CLANG_WARN_COMMA = YES;
				CLANG_WARN_CONSTANT_CONVERSION = YES;
				CLANG_WARN_DEPRECATED_OBJC_IMPLEMENTATIONS = YES;
				CLANG_WARN_DIRECT_OBJC_ISA_USAGE = YES_ERROR;
				CLANG_WARN_DOCUMENTATION_COMMENTS = YES;
				CLANG_WARN_EMPTY_BODY = YES;
				CLANG_WARN_ENUM_CONVERSION = YES;
				CLANG_WARN_INFINITE_RECURSION = YES;
				CLANG_WARN_INT_CONVERSION = YES;
				CLANG_WARN_NON_LITERAL_NULL_CONVERSION = YES;
				CLANG_WARN_OBJC_IMPLICIT_RETAIN_SELF = YES;
				CLANG_WARN_OBJC_LITERAL_CONVERSION = YES;
				CLANG_WARN_OBJC_ROOT_CLASS = YES_ERROR;
				CLANG_WARN_RANGE_LOOP_ANALYSIS = YES;
				CLANG_WARN_STRICT_PROTOTYPES = YES;
				CLANG_WARN_SUSPICIOUS_MOVE = YES;
				CLANG_WARN_UNGUARDED_AVAILABILITY = YES_AGGRESSIVE;
				CLANG_WARN_UNREACHABLE_CODE = YES;
				CLANG_WARN__DUPLICATE_METHOD_MATCH = YES;
				CODE_SIGN_IDENTITY = "iPhone Developer";
				COPY_PHASE_STRIP = NO;
				DEBUG_INFORMATION_FORMAT = dwarf;
				ENABLE_STRICT_OBJC_MSGSEND = YES;
				ENABLE_TESTABILITY = YES;
				GCC_C_LANGUAGE_STANDARD = gnu11;
				GCC_DYNAMIC_NO_PIC = NO;
				GCC_NO_COMMON_BLOCKS = YES;
				GCC_OPTIMIZATION_LEVEL = 0;
				GCC_PREPROCESSOR_DEFINITIONS = (
					"DEBUG=1",
					"$(inherited)",
				);
				GCC_WARN_64_TO_32_BIT_CONVERSION = YES;
				GCC_WARN_ABOUT_RETURN_TYPE = YES_ERROR;
				GCC_WARN_UNDECLARED_SELECTOR = YES;
				GCC_WARN_UNINITIALIZED_AUTOS = YES_AGGRESSIVE;
				GCC_WARN_UNUSED_FUNCTION = YES;
				GCC_WARN_UNUSED_VARIABLE = YES;
				IPHONEOS_DEPLOYMENT_TARGET = 12.1;
				MTL_ENABLE_DEBUG_INFO = INCLUDE_SOURCE;
				MTL_FAST_MATH = YES;
				ONLY_ACTIVE_ARCH = YES;
				SDKROOT = iphoneos;
				SWIFT_ACTIVE_COMPILATION_CONDITIONS = DEBUG;
				SWIFT_OPTIMIZATION_LEVEL = "-Onone";
			};
			name = Debug;
		};
		DBB74006223F2B570029FD77 /* Release */ = {
			isa = XCBuildConfiguration;
			buildSettings = {
				ALWAYS_SEARCH_USER_PATHS = NO;
				CLANG_ANALYZER_NONNULL = YES;
				CLANG_ANALYZER_NUMBER_OBJECT_CONVERSION = YES_AGGRESSIVE;
				CLANG_CXX_LANGUAGE_STANDARD = "gnu++14";
				CLANG_CXX_LIBRARY = "libc++";
				CLANG_ENABLE_MODULES = YES;
				CLANG_ENABLE_OBJC_ARC = YES;
				CLANG_ENABLE_OBJC_WEAK = YES;
				CLANG_WARN_BLOCK_CAPTURE_AUTORELEASING = YES;
				CLANG_WARN_BOOL_CONVERSION = YES;
				CLANG_WARN_COMMA = YES;
				CLANG_WARN_CONSTANT_CONVERSION = YES;
				CLANG_WARN_DEPRECATED_OBJC_IMPLEMENTATIONS = YES;
				CLANG_WARN_DIRECT_OBJC_ISA_USAGE = YES_ERROR;
				CLANG_WARN_DOCUMENTATION_COMMENTS = YES;
				CLANG_WARN_EMPTY_BODY = YES;
				CLANG_WARN_ENUM_CONVERSION = YES;
				CLANG_WARN_INFINITE_RECURSION = YES;
				CLANG_WARN_INT_CONVERSION = YES;
				CLANG_WARN_NON_LITERAL_NULL_CONVERSION = YES;
				CLANG_WARN_OBJC_IMPLICIT_RETAIN_SELF = YES;
				CLANG_WARN_OBJC_LITERAL_CONVERSION = YES;
				CLANG_WARN_OBJC_ROOT_CLASS = YES_ERROR;
				CLANG_WARN_RANGE_LOOP_ANALYSIS = YES;
				CLANG_WARN_STRICT_PROTOTYPES = YES;
				CLANG_WARN_SUSPICIOUS_MOVE = YES;
				CLANG_WARN_UNGUARDED_AVAILABILITY = YES_AGGRESSIVE;
				CLANG_WARN_UNREACHABLE_CODE = YES;
				CLANG_WARN__DUPLICATE_METHOD_MATCH = YES;
				CODE_SIGN_IDENTITY = "iPhone Developer";
				COPY_PHASE_STRIP = NO;
				DEBUG_INFORMATION_FORMAT = "dwarf-with-dsym";
				ENABLE_NS_ASSERTIONS = NO;
				ENABLE_STRICT_OBJC_MSGSEND = YES;
				GCC_C_LANGUAGE_STANDARD = gnu11;
				GCC_NO_COMMON_BLOCKS = YES;
				GCC_WARN_64_TO_32_BIT_CONVERSION = YES;
				GCC_WARN_ABOUT_RETURN_TYPE = YES_ERROR;
				GCC_WARN_UNDECLARED_SELECTOR = YES;
				GCC_WARN_UNINITIALIZED_AUTOS = YES_AGGRESSIVE;
				GCC_WARN_UNUSED_FUNCTION = YES;
				GCC_WARN_UNUSED_VARIABLE = YES;
				IPHONEOS_DEPLOYMENT_TARGET = 12.1;
				MTL_ENABLE_DEBUG_INFO = NO;
				MTL_FAST_MATH = YES;
				SDKROOT = iphoneos;
				SWIFT_COMPILATION_MODE = wholemodule;
				SWIFT_OPTIMIZATION_LEVEL = "-O";
				VALIDATE_PRODUCT = YES;
			};
			name = Release;
		};
		DBB74008223F2B570029FD77 /* Debug */ = {
			isa = XCBuildConfiguration;
			buildSettings = {
				ASSETCATALOG_COMPILER_APPICON_NAME = AppIcon;
				CODE_SIGN_STYLE = Automatic;
				DEVELOPMENT_TEAM = 5PC45EB29E;
				INFOPLIST_FILE = P11Pachinko/Info.plist;
				IPHONEOS_DEPLOYMENT_TARGET = 12.2;
				LD_RUNPATH_SEARCH_PATHS = (
					"$(inherited)",
					"@executable_path/Frameworks",
				);
				PRODUCT_BUNDLE_IDENTIFIER = com.ChrisParker.P11Pachinko;
				PRODUCT_NAME = "$(TARGET_NAME)";
				SWIFT_VERSION = 5.0;
				TARGETED_DEVICE_FAMILY = 2;
			};
			name = Debug;
		};
		DBB74009223F2B570029FD77 /* Release */ = {
			isa = XCBuildConfiguration;
			buildSettings = {
				ASSETCATALOG_COMPILER_APPICON_NAME = AppIcon;
				CODE_SIGN_STYLE = Automatic;
				DEVELOPMENT_TEAM = 5PC45EB29E;
				INFOPLIST_FILE = P11Pachinko/Info.plist;
				IPHONEOS_DEPLOYMENT_TARGET = 12.2;
				LD_RUNPATH_SEARCH_PATHS = (
					"$(inherited)",
					"@executable_path/Frameworks",
				);
				PRODUCT_BUNDLE_IDENTIFIER = com.ChrisParker.P11Pachinko;
				PRODUCT_NAME = "$(TARGET_NAME)";
				SWIFT_VERSION = 5.0;
				TARGETED_DEVICE_FAMILY = 2;
			};
			name = Release;
		};
/* End XCBuildConfiguration section */

/* Begin XCConfigurationList section */
		DBB73FEA223F2B560029FD77 /* Build configuration list for PBXProject "P11Pachinko" */ = {
			isa = XCConfigurationList;
			buildConfigurations = (
				DBB74005223F2B570029FD77 /* Debug */,
				DBB74006223F2B570029FD77 /* Release */,
			);
			defaultConfigurationIsVisible = 0;
			defaultConfigurationName = Release;
		};
		DBB74007223F2B570029FD77 /* Build configuration list for PBXNativeTarget "P11Pachinko" */ = {
			isa = XCConfigurationList;
			buildConfigurations = (
				DBB74008223F2B570029FD77 /* Debug */,
				DBB74009223F2B570029FD77 /* Release */,
			);
			defaultConfigurationIsVisible = 0;
			defaultConfigurationName = Release;
		};
/* End XCConfigurationList section */
	};
	rootObject = DBB73FE7223F2B560029FD77 /* Project object */;
}
