// !$*UTF8*$!
{
	archiveVersion = 1;
	classes = {
	};
	objectVersion = 50;
	objects = {

/* Begin PBXBuildFile section */
		DB2618642263438800976049 /* AppDelegate.swift in Sources */ = {isa = PBXBuildFile; fileRef = DB2618632263438800976049 /* AppDelegate.swift */; };
		DB2618662263438800976049 /* GameScene.sks in Resources */ = {isa = PBXBuildFile; fileRef = DB2618652263438800976049 /* GameScene.sks */; };
		DB26186A2263438800976049 /* GameScene.swift in Sources */ = {isa = PBXBuildFile; fileRef = DB2618692263438800976049 /* GameScene.swift */; };
		DB26186C2263438800976049 /* GameViewController.swift in Sources */ = {isa = PBXBuildFile; fileRef = DB26186B2263438800976049 /* GameViewController.swift */; };
		DB26186F2263438800976049 /* Main.storyboard in Resources */ = {isa = PBXBuildFile; fileRef = DB26186D2263438800976049 /* Main.storyboard */; };
		DB2618712263438900976049 /* Assets.xcassets in Resources */ = {isa = PBXBuildFile; fileRef = DB2618702263438900976049 /* Assets.xcassets */; };
		DB2618742263438900976049 /* LaunchScreen.storyboard in Resources */ = {isa = PBXBuildFile; fileRef = DB2618722263438900976049 /* LaunchScreen.storyboard */; };
		DB26187D2263441C00976049 /* explosion.sks in Resources */ = {isa = PBXBuildFile; fileRef = DB26187B2263441C00976049 /* explosion.sks */; };
		DB26187E2263441C00976049 /* starfield.sks in Resources */ = {isa = PBXBuildFile; fileRef = DB26187C2263441C00976049 /* starfield.sks */; };
/* End PBXBuildFile section */

/* Begin PBXFileReference section */
		DB2618602263438800976049 /* P17SpaceRace.app */ = {isa = PBXFileReference; explicitFileType = wrapper.application; includeInIndex = 0; path = P17SpaceRace.app; sourceTree = BUILT_PRODUCTS_DIR; };
		DB2618632263438800976049 /* AppDelegate.swift */ = {isa = PBXFileReference; lastKnownFileType = sourcecode.swift; path = AppDelegate.swift; sourceTree = "<group>"; };
		DB2618652263438800976049 /* GameScene.sks */ = {isa = PBXFileReference; lastKnownFileType = file.sks; path = GameScene.sks; sourceTree = "<group>"; };
		DB2618692263438800976049 /* GameScene.swift */ = {isa = PBXFileReference; lastKnownFileType = sourcecode.swift; path = GameScene.swift; sourceTree = "<group>"; };
		DB26186B2263438800976049 /* GameViewController.swift */ = {isa = PBXFileReference; lastKnownFileType = sourcecode.swift; path = GameViewController.swift; sourceTree = "<group>"; };
		DB26186E2263438800976049 /* Base */ = {isa = PBXFileReference; lastKnownFileType = file.storyboard; name = Base; path = Base.lproj/Main.storyboard; sourceTree = "<group>"; };
		DB2618702263438900976049 /* Assets.xcassets */ = {isa = PBXFileReference; lastKnownFileType = folder.assetcatalog; path = Assets.xcassets; sourceTree = "<group>"; };
		DB2618732263438900976049 /* Base */ = {isa = PBXFileReference; lastKnownFileType = file.storyboard; name = Base; path = Base.lproj/LaunchScreen.storyboard; sourceTree = "<group>"; };
		DB2618752263438900976049 /* Info.plist */ = {isa = PBXFileReference; lastKnownFileType = text.plist.xml; path = Info.plist; sourceTree = "<group>"; };
		DB26187B2263441C00976049 /* explosion.sks */ = {isa = PBXFileReference; lastKnownFileType = file.sks; path = explosion.sks; sourceTree = "<group>"; };
		DB26187C2263441C00976049 /* starfield.sks */ = {isa = PBXFileReference; lastKnownFileType = file.sks; path = starfield.sks; sourceTree = "<group>"; };
/* End PBXFileReference section */

/* Begin PBXFrameworksBuildPhase section */
		DB26185D2263438700976049 /* Frameworks */ = {
			isa = PBXFrameworksBuildPhase;
			buildActionMask = 2147483647;
			files = (
			);
			runOnlyForDeploymentPostprocessing = 0;
		};
/* End PBXFrameworksBuildPhase section */

/* Begin PBXGroup section */
		DB2618572263438700976049 = {
			isa = PBXGroup;
			children = (
				DB2618622263438800976049 /* P17SpaceRace */,
				DB2618612263438800976049 /* Products */,
			);
			sourceTree = "<group>";
		};
		DB2618612263438800976049 /* Products */ = {
			isa = PBXGroup;
			children = (
				DB2618602263438800976049 /* P17SpaceRace.app */,
			);
			name = Products;
			sourceTree = "<group>";
		};
		DB2618622263438800976049 /* P17SpaceRace */ = {
			isa = PBXGroup;
			children = (
				DB2618632263438800976049 /* AppDelegate.swift */,
				DB2618652263438800976049 /* GameScene.sks */,
				DB2618692263438800976049 /* GameScene.swift */,
				DB26186B2263438800976049 /* GameViewController.swift */,
				DB26186D2263438800976049 /* Main.storyboard */,
				DB2618702263438900976049 /* Assets.xcassets */,
				DB2618722263438900976049 /* LaunchScreen.storyboard */,
				DB2618752263438900976049 /* Info.plist */,
				DB26187B2263441C00976049 /* explosion.sks */,
				DB26187C2263441C00976049 /* starfield.sks */,
			);
			path = P17SpaceRace;
			sourceTree = "<group>";
		};
/* End PBXGroup section */

/* Begin PBXNativeTarget section */
		DB26185F2263438700976049 /* P17SpaceRace */ = {
			isa = PBXNativeTarget;
			buildConfigurationList = DB2618782263438900976049 /* Build configuration list for PBXNativeTarget "P17SpaceRace" */;
			buildPhases = (
				DB26185C2263438700976049 /* Sources */,
				DB26185D2263438700976049 /* Frameworks */,
				DB26185E2263438700976049 /* Resources */,
			);
			buildRules = (
			);
			dependencies = (
			);
			name = P17SpaceRace;
			productName = P17SpaceRace;
			productReference = DB2618602263438800976049 /* P17SpaceRace.app */;
			productType = "com.apple.product-type.application";
		};
/* End PBXNativeTarget section */

/* Begin PBXProject section */
		DB2618582263438700976049 /* Project object */ = {
			isa = PBXProject;
			attributes = {
				LastSwiftUpdateCheck = 1020;
				LastUpgradeCheck = 1020;
				ORGANIZATIONNAME = "Chris Parker";
				TargetAttributes = {
					DB26185F2263438700976049 = {
						CreatedOnToolsVersion = 10.2;
					};
				};
			};
			buildConfigurationList = DB26185B2263438700976049 /* Build configuration list for PBXProject "P17SpaceRace" */;
			compatibilityVersion = "Xcode 9.3";
			developmentRegion = en;
			hasScannedForEncodings = 0;
			knownRegions = (
				en,
				Base,
			);
			mainGroup = DB2618572263438700976049;
			productRefGroup = DB2618612263438800976049 /* Products */;
			projectDirPath = "";
			projectRoot = "";
			targets = (
				DB26185F2263438700976049 /* P17SpaceRace */,
			);
		};
/* End PBXProject section */

/* Begin PBXResourcesBuildPhase section */
		DB26185E2263438700976049 /* Resources */ = {
			isa = PBXResourcesBuildPhase;
			buildActionMask = 2147483647;
			files = (
				DB26186F2263438800976049 /* Main.storyboard in Resources */,
				DB2618662263438800976049 /* GameScene.sks in Resources */,
				DB2618712263438900976049 /* Assets.xcassets in Resources */,
				DB26187D2263441C00976049 /* explosion.sks in Resources */,
				DB2618742263438900976049 /* LaunchScreen.storyboard in Resources */,
				DB26187E2263441C00976049 /* starfield.sks in Resources */,
			);
			runOnlyForDeploymentPostprocessing = 0;
		};
/* End PBXResourcesBuildPhase section */

/* Begin PBXSourcesBuildPhase section */
		DB26185C2263438700976049 /* Sources */ = {
			isa = PBXSourcesBuildPhase;
			buildActionMask = 2147483647;
			files = (
				DB26186A2263438800976049 /* GameScene.swift in Sources */,
				DB26186C2263438800976049 /* GameViewController.swift in Sources */,
				DB2618642263438800976049 /* AppDelegate.swift in Sources */,
			);
			runOnlyForDeploymentPostprocessing = 0;
		};
/* End PBXSourcesBuildPhase section */

/* Begin PBXVariantGroup section */
		DB26186D2263438800976049 /* Main.storyboard */ = {
			isa = PBXVariantGroup;
			children = (
				DB26186E2263438800976049 /* Base */,
			);
			name = Main.storyboard;
			sourceTree = "<group>";
		};
		DB2618722263438900976049 /* LaunchScreen.storyboard */ = {
			isa = PBXVariantGroup;
			children = (
				DB2618732263438900976049 /* Base */,
			);
			name = LaunchScreen.storyboard;
			sourceTree = "<group>";
		};
/* End PBXVariantGroup section */

/* Begin XCBuildConfiguration section */
		DB2618762263438900976049 /* Debug */ = {
			isa = XCBuildConfiguration;
			buildSettings = {
				ALWAYS_SEARCH_USER_PATHS = NO;
				CLANG_ANALYZER_NONNULL = YES;
				CLANG_ANALYZER_NUMBER_OBJECT_CONVERSION = YES_AGGRESSIVE;
				CLANG_CXX_LANGUAGE_STANDARD = "gnu++14";
				CLANG_CXX_LIBRARY = "libc++";
				CLANG_ENABLE_MODULES = YES;
				CLANG_ENABLE_OBJC_ARC = YES;
				CLANG_ENABLE_OBJC_WEAK = YES;
				CLANG_WARN_BLOCK_CAPTURE_AUTORELEASING = YES;
				CLANG_WARN_BOOL_CONVERSION = YES;
				CLANG_WARN_COMMA = YES;
				CLANG_WARN_CONSTANT_CONVERSION = YES;
				CLANG_WARN_DEPRECATED_OBJC_IMPLEMENTATIONS = YES;
				CLANG_WARN_DIRECT_OBJC_ISA_USAGE = YES_ERROR;
				CLANG_WARN_DOCUMENTATION_COMMENTS = YES;
				CLANG_WARN_EMPTY_BODY = YES;
				CLANG_WARN_ENUM_CONVERSION = YES;
				CLANG_WARN_INFINITE_RECURSION = YES;
				CLANG_WARN_INT_CONVERSION = YES;
				CLANG_WARN_NON_LITERAL_NULL_CONVERSION = YES;
				CLANG_WARN_OBJC_IMPLICIT_RETAIN_SELF = YES;
				CLANG_WARN_OBJC_LITERAL_CONVERSION = YES;
				CLANG_WARN_OBJC_ROOT_CLASS = YES_ERROR;
				CLANG_WARN_RANGE_LOOP_ANALYSIS = YES;
				CLANG_WARN_STRICT_PROTOTYPES = YES;
				CLANG_WARN_SUSPICIOUS_MOVE = YES;
				CLANG_WARN_UNGUARDED_AVAILABILITY = YES_AGGRESSIVE;
				CLANG_WARN_UNREACHABLE_CODE = YES;
				CLANG_WARN__DUPLICATE_METHOD_MATCH = YES;
				CODE_SIGN_IDENTITY = "iPhone Developer";
				COPY_PHASE_STRIP = NO;
				DEBUG_INFORMATION_FORMAT = dwarf;
				ENABLE_STRICT_OBJC_MSGSEND = YES;
				ENABLE_TESTABILITY = YES;
				GCC_C_LANGUAGE_STANDARD = gnu11;
				GCC_DYNAMIC_NO_PIC = NO;
				GCC_NO_COMMON_BLOCKS = YES;
				GCC_OPTIMIZATION_LEVEL = 0;
				GCC_PREPROCESSOR_DEFINITIONS = (
					"DEBUG=1",
					"$(inherited)",
				);
				GCC_WARN_64_TO_32_BIT_CONVERSION = YES;
				GCC_WARN_ABOUT_RETURN_TYPE = YES_ERROR;
				GCC_WARN_UNDECLARED_SELECTOR = YES;
				GCC_WARN_UNINITIALIZED_AUTOS = YES_AGGRESSIVE;
				GCC_WARN_UNUSED_FUNCTION = YES;
				GCC_WARN_UNUSED_VARIABLE = YES;
				IPHONEOS_DEPLOYMENT_TARGET = 10.3;
				MTL_ENABLE_DEBUG_INFO = INCLUDE_SOURCE;
				MTL_FAST_MATH = YES;
				ONLY_ACTIVE_ARCH = YES;
				SDKROOT = iphoneos;
				SWIFT_ACTIVE_COMPILATION_CONDITIONS = DEBUG;
				SWIFT_OPTIMIZATION_LEVEL = "-Onone";
			};
			name = Debug;
		};
		DB2618772263438900976049 /* Release */ = {
			isa = XCBuildConfiguration;
			buildSettings = {
				ALWAYS_SEARCH_USER_PATHS = NO;
				CLANG_ANALYZER_NONNULL = YES;
				CLANG_ANALYZER_NUMBER_OBJECT_CONVERSION = YES_AGGRESSIVE;
				CLANG_CXX_LANGUAGE_STANDARD = "gnu++14";
				CLANG_CXX_LIBRARY = "libc++";
				CLANG_ENABLE_MODULES = YES;
				CLANG_ENABLE_OBJC_ARC = YES;
				CLANG_ENABLE_OBJC_WEAK = YES;
				CLANG_WARN_BLOCK_CAPTURE_AUTORELEASING = YES;
				CLANG_WARN_BOOL_CONVERSION = YES;
				CLANG_WARN_COMMA = YES;
				CLANG_WARN_CONSTANT_CONVERSION = YES;
				CLANG_WARN_DEPRECATED_OBJC_IMPLEMENTATIONS = YES;
				CLANG_WARN_DIRECT_OBJC_ISA_USAGE = YES_ERROR;
				CLANG_WARN_DOCUMENTATION_COMMENTS = YES;
				CLANG_WARN_EMPTY_BODY = YES;
				CLANG_WARN_ENUM_CONVERSION = YES;
				CLANG_WARN_INFINITE_RECURSION = YES;
				CLANG_WARN_INT_CONVERSION = YES;
				CLANG_WARN_NON_LITERAL_NULL_CONVERSION = YES;
				CLANG_WARN_OBJC_IMPLICIT_RETAIN_SELF = YES;
				CLANG_WARN_OBJC_LITERAL_CONVERSION = YES;
				CLANG_WARN_OBJC_ROOT_CLASS = YES_ERROR;
				CLANG_WARN_RANGE_LOOP_ANALYSIS = YES;
				CLANG_WARN_STRICT_PROTOTYPES = YES;
				CLANG_WARN_SUSPICIOUS_MOVE = YES;
				CLANG_WARN_UNGUARDED_AVAILABILITY = YES_AGGRESSIVE;
				CLANG_WARN_UNREACHABLE_CODE = YES;
				CLANG_WARN__DUPLICATE_METHOD_MATCH = YES;
				CODE_SIGN_IDENTITY = "iPhone Developer";
				COPY_PHASE_STRIP = NO;
				DEBUG_INFORMATION_FORMAT = "dwarf-with-dsym";
				ENABLE_NS_ASSERTIONS = NO;
				ENABLE_STRICT_OBJC_MSGSEND = YES;
				GCC_C_LANGUAGE_STANDARD = gnu11;
				GCC_NO_COMMON_BLOCKS = YES;
				GCC_WARN_64_TO_32_BIT_CONVERSION = YES;
				GCC_WARN_ABOUT_RETURN_TYPE = YES_ERROR;
				GCC_WARN_UNDECLARED_SELECTOR = YES;
				GCC_WARN_UNINITIALIZED_AUTOS = YES_AGGRESSIVE;
				GCC_WARN_UNUSED_FUNCTION = YES;
				GCC_WARN_UNUSED_VARIABLE = YES;
				IPHONEOS_DEPLOYMENT_TARGET = 10.3;
				MTL_ENABLE_DEBUG_INFO = NO;
				MTL_FAST_MATH = YES;
				SDKROOT = iphoneos;
				SWIFT_COMPILATION_MODE = wholemodule;
				SWIFT_OPTIMIZATION_LEVEL = "-O";
				VALIDATE_PRODUCT = YES;
			};
			name = Release;
		};
		DB2618792263438900976049 /* Debug */ = {
			isa = XCBuildConfiguration;
			buildSettings = {
				ASSETCATALOG_COMPILER_APPICON_NAME = AppIcon;
				CODE_SIGN_STYLE = Automatic;
				DEVELOPMENT_TEAM = 5PC45EB29E;
				INFOPLIST_FILE = P17SpaceRace/Info.plist;
				IPHONEOS_DEPLOYMENT_TARGET = 12.2;
				LD_RUNPATH_SEARCH_PATHS = (
					"$(inherited)",
					"@executable_path/Frameworks",
				);
				PRODUCT_BUNDLE_IDENTIFIER = com.ChrisParker.P17SpaceRace;
				PRODUCT_NAME = "$(TARGET_NAME)";
				SWIFT_VERSION = 5.0;
				TARGETED_DEVICE_FAMILY = 2;
			};
			name = Debug;
		};
		DB26187A2263438900976049 /* Release */ = {
			isa = XCBuildConfiguration;
			buildSettings = {
				ASSETCATALOG_COMPILER_APPICON_NAME = AppIcon;
				CODE_SIGN_STYLE = Automatic;
				DEVELOPMENT_TEAM = 5PC45EB29E;
				INFOPLIST_FILE = P17SpaceRace/Info.plist;
				IPHONEOS_DEPLOYMENT_TARGET = 12.2;
				LD_RUNPATH_SEARCH_PATHS = (
					"$(inherited)",
					"@executable_path/Frameworks",
				);
				PRODUCT_BUNDLE_IDENTIFIER = com.ChrisParker.P17SpaceRace;
				PRODUCT_NAME = "$(TARGET_NAME)";
				SWIFT_VERSION = 5.0;
				TARGETED_DEVICE_FAMILY = 2;
			};
			name = Release;
		};
/* End XCBuildConfiguration section */

/* Begin XCConfigurationList section */
		DB26185B2263438700976049 /* Build configuration list for PBXProject "P17SpaceRace" */ = {
			isa = XCConfigurationList;
			buildConfigurations = (
				DB2618762263438900976049 /* Debug */,
				DB2618772263438900976049 /* Release */,
			);
			defaultConfigurationIsVisible = 0;
			defaultConfigurationName = Release;
		};
		DB2618782263438900976049 /* Build configuration list for PBXNativeTarget "P17SpaceRace" */ = {
			isa = XCConfigurationList;
			buildConfigurations = (
				DB2618792263438900976049 /* Debug */,
				DB26187A2263438900976049 /* Release */,
			);
			defaultConfigurationIsVisible = 0;
			defaultConfigurationName = Release;
		};
/* End XCConfigurationList section */
	};
	rootObject = DB2618582263438700976049 /* Project object */;
}
